
Microsoft Visual Studio Solution File, Format Version 12.00
# Visual Studio Version 17
VisualStudioVersion = 17.8.34309.116
MinimumVisualStudioVersion = 10.0.40219.1
Project("{FAE04EC0-301F-11D3-BF4B-00C04F79EFBC}") = "SheetsInfo", "SheetsInfo\SheetsInfo.csproj", "{738923E6-1F27-4DB3-939B-2AD002E283E3}"
EndProject
Global
	GlobalSection(SolutionConfigurationPlatforms) = preSolution
		Debug|Any CPU = Debug|Any CPU
		Release|Any CPU = Release|Any CPU
	EndGlobalSection
	GlobalSection(ProjectConfigurationPlatforms) = postSolution
		{738923E6-1F27-4DB3-939B-2AD002E283E3}.Debug|Any CPU.ActiveCfg = Debug|Any CPU
		{738923E6-1F27-4DB3-939B-2AD002E283E3}.Debug|Any CPU.Build.0 = Debug|Any CPU
		{738923E6-1F27-4DB3-939B-2AD002E283E3}.Release|Any CPU.ActiveCfg = Release|Any CPU
		{738923E6-1F27-4DB3-939B-2AD002E283E3}.Release|Any CPU.Build.0 = Release|Any CPU
	EndGlobalSection
	GlobalSection(SolutionProperties) = preSolution
		HideSolutionNode = FALSE
	EndGlobalSection
	GlobalSection(ExtensibilityGlobals) = postSolution
		SolutionGuid = {AFAF723D-4832-4144-BB4F-79BD9C92CF4E}
	EndGlobalSection
EndGlobal
